// !$*UTF8*$!
{
	archiveVersion = 1;
	classes = {
	};
	objectVersion = 56;
	objects = {

/* Begin PBXBuildFile section */
		ED5E89E42AB621EE009B6F8B /* MarketData.swift in Sources */ = {isa = PBXBuildFile; fileRef = ED5E89E32AB621EE009B6F8B /* MarketData.swift */; };
		ED5E89E62AB62477009B6F8B /* MarketDataService.swift in Sources */ = {isa = PBXBuildFile; fileRef = ED5E89E52AB62477009B6F8B /* MarketDataService.swift */; };
		ED5E89E82AB62B88009B6F8B /* PortfolioView.swift in Sources */ = {isa = PBXBuildFile; fileRef = ED5E89E72AB62B88009B6F8B /* PortfolioView.swift */; };
		ED5E89EA2AB62E2F009B6F8B /* XMarkButton.swift in Sources */ = {isa = PBXBuildFile; fileRef = ED5E89E92AB62E2F009B6F8B /* XMarkButton.swift */; };
		ED5E89EE2AB632BE009B6F8B /* CoinLogoView.swift in Sources */ = {isa = PBXBuildFile; fileRef = ED5E89ED2AB632BE009B6F8B /* CoinLogoView.swift */; };
		ED70F7552A8B9BC90007685B /* PaperCoinApp.swift in Sources */ = {isa = PBXBuildFile; fileRef = ED70F7542A8B9BC90007685B /* PaperCoinApp.swift */; };
		ED70F75C2A8B9BCB0007685B /* Preview Assets.xcassets in Resources */ = {isa = PBXBuildFile; fileRef = ED70F75B2A8B9BCB0007685B /* Preview Assets.xcassets */; };
		ED70F7662A8B9FA40007685B /* Color.swift in Sources */ = {isa = PBXBuildFile; fileRef = ED70F7652A8B9FA40007685B /* Color.swift */; };
		ED70F76D2A8BA35C0007685B /* HomeView.swift in Sources */ = {isa = PBXBuildFile; fileRef = ED70F76C2A8BA35C0007685B /* HomeView.swift */; };
		ED9FF5DA2AC15922004A74E9 /* PortfolioContainer.xcdatamodeld in Sources */ = {isa = PBXBuildFile; fileRef = ED9FF5D82AC15922004A74E9 /* PortfolioContainer.xcdatamodeld */; };
		ED9FF5DC2AC18682004A74E9 /* PortfolioDataService.swift in Sources */ = {isa = PBXBuildFile; fileRef = ED9FF5DB2AC18682004A74E9 /* PortfolioDataService.swift */; };
		EDB5A3782AA0A86E005780BE /* Staticstics.swift in Sources */ = {isa = PBXBuildFile; fileRef = EDB5A3772AA0A86D005780BE /* Staticstics.swift */; };
		EDB5A37A2AA0A991005780BE /* StatisticView.swift in Sources */ = {isa = PBXBuildFile; fileRef = EDB5A3792AA0A991005780BE /* StatisticView.swift */; };
		EDB5A37C2AA0AC1E005780BE /* HomeStatsView.swift in Sources */ = {isa = PBXBuildFile; fileRef = EDB5A37B2AA0AC1E005780BE /* HomeStatsView.swift */; };
		EDBD88FF2A9FB28800E95951 /* SearchBarView.swift in Sources */ = {isa = PBXBuildFile; fileRef = EDBD88FE2A9FB28800E95951 /* SearchBarView.swift */; };
		EDBD89012A9FB63300E95951 /* UIApplication.swift in Sources */ = {isa = PBXBuildFile; fileRef = EDBD89002A9FB63300E95951 /* UIApplication.swift */; };
		EDC71FB12AC2079E0047F249 /* HapticManager.swift in Sources */ = {isa = PBXBuildFile; fileRef = EDC71FB02AC2079E0047F249 /* HapticManager.swift */; };
		EDC71FB62AC2BB110047F249 /* DetailView.swift in Sources */ = {isa = PBXBuildFile; fileRef = EDC71FB52AC2BB110047F249 /* DetailView.swift */; };
		EDC71FBC2AC2DBED0047F249 /* NavigationLazyView.swift in Sources */ = {isa = PBXBuildFile; fileRef = EDC71FBB2AC2DBED0047F249 /* NavigationLazyView.swift */; };
		EDC71FBE2AC354340047F249 /* CoinDetail.swift in Sources */ = {isa = PBXBuildFile; fileRef = EDC71FBD2AC354340047F249 /* CoinDetail.swift */; };
		EDC71FC02AC355FE0047F249 /* DetailViewViewModel.swift in Sources */ = {isa = PBXBuildFile; fileRef = EDC71FBF2AC355FE0047F249 /* DetailViewViewModel.swift */; };
		EDC71FC22AC3561F0047F249 /* CoinDetailDataService.swift in Sources */ = {isa = PBXBuildFile; fileRef = EDC71FC12AC3561F0047F249 /* CoinDetailDataService.swift */; };
		EDD71D2A2A91E25B008C6C2E /* Assets.xcassets in Resources */ = {isa = PBXBuildFile; fileRef = EDD71D292A91E25B008C6C2E /* Assets.xcassets */; };
		EDD71D2C2A91E4F4008C6C2E /* CircleButtonView.swift in Sources */ = {isa = PBXBuildFile; fileRef = EDD71D2B2A91E4F4008C6C2E /* CircleButtonView.swift */; };
		EDD71D2E2A91EDC5008C6C2E /* CircleButtonAnimationView.swift in Sources */ = {isa = PBXBuildFile; fileRef = EDD71D2D2A91EDC5008C6C2E /* CircleButtonAnimationView.swift */; };
		EDD71D322A91F1B5008C6C2E /* Coin.swift in Sources */ = {isa = PBXBuildFile; fileRef = EDD71D312A91F1B5008C6C2E /* Coin.swift */; };
		EDD71D342A933F9E008C6C2E /* CoinRowView.swift in Sources */ = {isa = PBXBuildFile; fileRef = EDD71D332A933F9E008C6C2E /* CoinRowView.swift */; };
		EDD71D362A9340CA008C6C2E /* PreviewProvider.swift in Sources */ = {isa = PBXBuildFile; fileRef = EDD71D352A9340CA008C6C2E /* PreviewProvider.swift */; };
		EDD71D382A9343CF008C6C2E /* Double.swift in Sources */ = {isa = PBXBuildFile; fileRef = EDD71D372A9343CF008C6C2E /* Double.swift */; };
		EDD71D3A2A934C72008C6C2E /* HomeViewViewModel.swift in Sources */ = {isa = PBXBuildFile; fileRef = EDD71D392A934C72008C6C2E /* HomeViewViewModel.swift */; };
		EDD71D3D2A93590E008C6C2E /* CoinDataService.swift in Sources */ = {isa = PBXBuildFile; fileRef = EDD71D3C2A93590E008C6C2E /* CoinDataService.swift */; };
		EDD71D402A935E98008C6C2E /* NetworkingManager.swift in Sources */ = {isa = PBXBuildFile; fileRef = EDD71D3F2A935E98008C6C2E /* NetworkingManager.swift */; };
		EDD71D432A93C2F7008C6C2E /* CoinImageView.swift in Sources */ = {isa = PBXBuildFile; fileRef = EDD71D422A93C2F7008C6C2E /* CoinImageView.swift */; };
		EDD71D452A93C45C008C6C2E /* CoinImageService.swift in Sources */ = {isa = PBXBuildFile; fileRef = EDD71D442A93C45C008C6C2E /* CoinImageService.swift */; };
		EDD71D472A93C571008C6C2E /* CoinImageViewViewModel.swift in Sources */ = {isa = PBXBuildFile; fileRef = EDD71D462A93C571008C6C2E /* CoinImageViewViewModel.swift */; };
		EDEE878F2A9529060082483C /* LocalFileManager.swift in Sources */ = {isa = PBXBuildFile; fileRef = EDEE878E2A9529060082483C /* LocalFileManager.swift */; };
		EDFC52512AC435C60007CA2E /* ChartView.swift in Sources */ = {isa = PBXBuildFile; fileRef = EDFC52502AC435C60007CA2E /* ChartView.swift */; };
		EDFC52532AC43DF80007CA2E /* Date.swift in Sources */ = {isa = PBXBuildFile; fileRef = EDFC52522AC43DF80007CA2E /* Date.swift */; };
		EDFC52552AC44ABF0007CA2E /* String.swift in Sources */ = {isa = PBXBuildFile; fileRef = EDFC52542AC44ABF0007CA2E /* String.swift */; };
		EDFC52582AC553780007CA2E /* SettingsView.swift in Sources */ = {isa = PBXBuildFile; fileRef = EDFC52572AC553780007CA2E /* SettingsView.swift */; };
		EDFC525F2AC56E650007CA2E /* LaunchScreen.storyboard in Resources */ = {isa = PBXBuildFile; fileRef = EDFC525E2AC56E650007CA2E /* LaunchScreen.storyboard */; };
		EDFC52612AC56F5E0007CA2E /* LaunchView.swift in Sources */ = {isa = PBXBuildFile; fileRef = EDFC52602AC56F5E0007CA2E /* LaunchView.swift */; };
		EDFC52652AC5B37C0007CA2E /* RootView.swift in Sources */ = {isa = PBXBuildFile; fileRef = EDFC52642AC5B37C0007CA2E /* RootView.swift */; };
		EDFC526A2AC5B5D80007CA2E /* StockHomeView.swift in Sources */ = {isa = PBXBuildFile; fileRef = EDFC52692AC5B5D80007CA2E /* StockHomeView.swift */; };
/* End PBXBuildFile section */

/* Begin PBXFileReference section */
		ED5E89E32AB621EE009B6F8B /* MarketData.swift */ = {isa = PBXFileReference; lastKnownFileType = sourcecode.swift; path = MarketData.swift; sourceTree = "<group>"; };
		ED5E89E52AB62477009B6F8B /* MarketDataService.swift */ = {isa = PBXFileReference; lastKnownFileType = sourcecode.swift; path = MarketDataService.swift; sourceTree = "<group>"; };
		ED5E89E72AB62B88009B6F8B /* PortfolioView.swift */ = {isa = PBXFileReference; lastKnownFileType = sourcecode.swift; path = PortfolioView.swift; sourceTree = "<group>"; };
		ED5E89E92AB62E2F009B6F8B /* XMarkButton.swift */ = {isa = PBXFileReference; lastKnownFileType = sourcecode.swift; path = XMarkButton.swift; sourceTree = "<group>"; };
		ED5E89ED2AB632BE009B6F8B /* CoinLogoView.swift */ = {isa = PBXFileReference; lastKnownFileType = sourcecode.swift; path = CoinLogoView.swift; sourceTree = "<group>"; };
		ED70F7512A8B9BC90007685B /* PaperCoin.app */ = {isa = PBXFileReference; explicitFileType = wrapper.application; includeInIndex = 0; path = PaperCoin.app; sourceTree = BUILT_PRODUCTS_DIR; };
		ED70F7542A8B9BC90007685B /* PaperCoinApp.swift */ = {isa = PBXFileReference; lastKnownFileType = sourcecode.swift; path = PaperCoinApp.swift; sourceTree = "<group>"; };
		ED70F75B2A8B9BCB0007685B /* Preview Assets.xcassets */ = {isa = PBXFileReference; lastKnownFileType = folder.assetcatalog; path = "Preview Assets.xcassets"; sourceTree = "<group>"; };
		ED70F7652A8B9FA40007685B /* Color.swift */ = {isa = PBXFileReference; lastKnownFileType = sourcecode.swift; path = Color.swift; sourceTree = "<group>"; };
		ED70F76C2A8BA35C0007685B /* HomeView.swift */ = {isa = PBXFileReference; lastKnownFileType = sourcecode.swift; path = HomeView.swift; sourceTree = "<group>"; };
		ED9FF5D92AC15922004A74E9 /* PortfolioContainer.xcdatamodel */ = {isa = PBXFileReference; lastKnownFileType = wrapper.xcdatamodel; path = PortfolioContainer.xcdatamodel; sourceTree = "<group>"; };
		ED9FF5DB2AC18682004A74E9 /* PortfolioDataService.swift */ = {isa = PBXFileReference; lastKnownFileType = sourcecode.swift; path = PortfolioDataService.swift; sourceTree = "<group>"; };
		EDB5A3772AA0A86D005780BE /* Staticstics.swift */ = {isa = PBXFileReference; lastKnownFileType = sourcecode.swift; path = Staticstics.swift; sourceTree = "<group>"; };
		EDB5A3792AA0A991005780BE /* StatisticView.swift */ = {isa = PBXFileReference; lastKnownFileType = sourcecode.swift; path = StatisticView.swift; sourceTree = "<group>"; };
		EDB5A37B2AA0AC1E005780BE /* HomeStatsView.swift */ = {isa = PBXFileReference; lastKnownFileType = sourcecode.swift; path = HomeStatsView.swift; sourceTree = "<group>"; };
		EDBD88FE2A9FB28800E95951 /* SearchBarView.swift */ = {isa = PBXFileReference; lastKnownFileType = sourcecode.swift; path = SearchBarView.swift; sourceTree = "<group>"; };
		EDBD89002A9FB63300E95951 /* UIApplication.swift */ = {isa = PBXFileReference; lastKnownFileType = sourcecode.swift; path = UIApplication.swift; sourceTree = "<group>"; };
		EDC71FB02AC2079E0047F249 /* HapticManager.swift */ = {isa = PBXFileReference; lastKnownFileType = sourcecode.swift; path = HapticManager.swift; sourceTree = "<group>"; };
		EDC71FB52AC2BB110047F249 /* DetailView.swift */ = {isa = PBXFileReference; lastKnownFileType = sourcecode.swift; path = DetailView.swift; sourceTree = "<group>"; };
		EDC71FBB2AC2DBED0047F249 /* NavigationLazyView.swift */ = {isa = PBXFileReference; lastKnownFileType = sourcecode.swift; path = NavigationLazyView.swift; sourceTree = "<group>"; };
		EDC71FBD2AC354340047F249 /* CoinDetail.swift */ = {isa = PBXFileReference; lastKnownFileType = sourcecode.swift; path = CoinDetail.swift; sourceTree = "<group>"; };
		EDC71FBF2AC355FE0047F249 /* DetailViewViewModel.swift */ = {isa = PBXFileReference; lastKnownFileType = sourcecode.swift; path = DetailViewViewModel.swift; sourceTree = "<group>"; };
		EDC71FC12AC3561F0047F249 /* CoinDetailDataService.swift */ = {isa = PBXFileReference; lastKnownFileType = sourcecode.swift; path = CoinDetailDataService.swift; sourceTree = "<group>"; };
		EDD71D292A91E25B008C6C2E /* Assets.xcassets */ = {isa = PBXFileReference; lastKnownFileType = folder.assetcatalog; name = Assets.xcassets; path = StocksTracker/Assets.xcassets; sourceTree = "<group>"; };
		EDD71D2B2A91E4F4008C6C2E /* CircleButtonView.swift */ = {isa = PBXFileReference; lastKnownFileType = sourcecode.swift; path = CircleButtonView.swift; sourceTree = "<group>"; };
		EDD71D2D2A91EDC5008C6C2E /* CircleButtonAnimationView.swift */ = {isa = PBXFileReference; lastKnownFileType = sourcecode.swift; path = CircleButtonAnimationView.swift; sourceTree = "<group>"; };
		EDD71D312A91F1B5008C6C2E /* Coin.swift */ = {isa = PBXFileReference; lastKnownFileType = sourcecode.swift; path = Coin.swift; sourceTree = "<group>"; };
		EDD71D332A933F9E008C6C2E /* CoinRowView.swift */ = {isa = PBXFileReference; lastKnownFileType = sourcecode.swift; path = CoinRowView.swift; sourceTree = "<group>"; };
		EDD71D352A9340CA008C6C2E /* PreviewProvider.swift */ = {isa = PBXFileReference; lastKnownFileType = sourcecode.swift; path = PreviewProvider.swift; sourceTree = "<group>"; };
		EDD71D372A9343CF008C6C2E /* Double.swift */ = {isa = PBXFileReference; lastKnownFileType = sourcecode.swift; path = Double.swift; sourceTree = "<group>"; };
		EDD71D392A934C72008C6C2E /* HomeViewViewModel.swift */ = {isa = PBXFileReference; lastKnownFileType = sourcecode.swift; path = HomeViewViewModel.swift; sourceTree = "<group>"; };
		EDD71D3C2A93590E008C6C2E /* CoinDataService.swift */ = {isa = PBXFileReference; lastKnownFileType = sourcecode.swift; path = CoinDataService.swift; sourceTree = "<group>"; };
		EDD71D3F2A935E98008C6C2E /* NetworkingManager.swift */ = {isa = PBXFileReference; lastKnownFileType = sourcecode.swift; path = NetworkingManager.swift; sourceTree = "<group>"; };
		EDD71D422A93C2F7008C6C2E /* CoinImageView.swift */ = {isa = PBXFileReference; lastKnownFileType = sourcecode.swift; path = CoinImageView.swift; sourceTree = "<group>"; };
		EDD71D442A93C45C008C6C2E /* CoinImageService.swift */ = {isa = PBXFileReference; lastKnownFileType = sourcecode.swift; path = CoinImageService.swift; sourceTree = "<group>"; };
		EDD71D462A93C571008C6C2E /* CoinImageViewViewModel.swift */ = {isa = PBXFileReference; lastKnownFileType = sourcecode.swift; path = CoinImageViewViewModel.swift; sourceTree = "<group>"; };
		EDEE878E2A9529060082483C /* LocalFileManager.swift */ = {isa = PBXFileReference; lastKnownFileType = sourcecode.swift; path = LocalFileManager.swift; sourceTree = "<group>"; };
		EDFC52502AC435C60007CA2E /* ChartView.swift */ = {isa = PBXFileReference; lastKnownFileType = sourcecode.swift; path = ChartView.swift; sourceTree = "<group>"; };
		EDFC52522AC43DF80007CA2E /* Date.swift */ = {isa = PBXFileReference; lastKnownFileType = sourcecode.swift; path = Date.swift; sourceTree = "<group>"; };
		EDFC52542AC44ABF0007CA2E /* String.swift */ = {isa = PBXFileReference; lastKnownFileType = sourcecode.swift; path = String.swift; sourceTree = "<group>"; };
		EDFC52572AC553780007CA2E /* SettingsView.swift */ = {isa = PBXFileReference; lastKnownFileType = sourcecode.swift; path = SettingsView.swift; sourceTree = "<group>"; };
		EDFC525E2AC56E650007CA2E /* LaunchScreen.storyboard */ = {isa = PBXFileReference; lastKnownFileType = file.storyboard; path = LaunchScreen.storyboard; sourceTree = "<group>"; };
		EDFC52602AC56F5E0007CA2E /* LaunchView.swift */ = {isa = PBXFileReference; lastKnownFileType = sourcecode.swift; path = LaunchView.swift; sourceTree = "<group>"; };
		EDFC52642AC5B37C0007CA2E /* RootView.swift */ = {isa = PBXFileReference; lastKnownFileType = sourcecode.swift; path = RootView.swift; sourceTree = "<group>"; };
		EDFC52692AC5B5D80007CA2E /* StockHomeView.swift */ = {isa = PBXFileReference; lastKnownFileType = sourcecode.swift; path = StockHomeView.swift; sourceTree = "<group>"; };
/* End PBXFileReference section */

/* Begin PBXFrameworksBuildPhase section */
		ED70F74E2A8B9BC90007685B /* Frameworks */ = {
			isa = PBXFrameworksBuildPhase;
			buildActionMask = 2147483647;
			files = (
			);
			runOnlyForDeploymentPostprocessing = 0;
		};
/* End PBXFrameworksBuildPhase section */

/* Begin PBXGroup section */
		ED70F7482A8B9BC90007685B = {
			isa = PBXGroup;
			children = (
				EDD71D292A91E25B008C6C2E /* Assets.xcassets */,
				ED70F7532A8B9BC90007685B /* StocksTracker */,
				ED70F7522A8B9BC90007685B /* Products */,
			);
			sourceTree = "<group>";
		};
		ED70F7522A8B9BC90007685B /* Products */ = {
			isa = PBXGroup;
			children = (
				ED70F7512A8B9BC90007685B /* PaperCoin.app */,
			);
			name = Products;
			sourceTree = "<group>";
		};
		ED70F7532A8B9BC90007685B /* StocksTracker */ = {
			isa = PBXGroup;
			children = (
				ED70F7542A8B9BC90007685B /* PaperCoinApp.swift */,
				ED70F7642A8B9F970007685B /* Extensions */,
				EDD71D3E2A935E6D008C6C2E /* Utilities */,
				EDD71D3B2A9358EB008C6C2E /* Services */,
				EDD71D302A91F148008C6C2E /* Models */,
				ED70F7672A8BA3190007685B /* Core */,
				ED70F75A2A8B9BCB0007685B /* Preview Content */,
			);
			path = StocksTracker;
			sourceTree = "<group>";
		};
		ED70F75A2A8B9BCB0007685B /* Preview Content */ = {
			isa = PBXGroup;
			children = (
				ED70F75B2A8B9BCB0007685B /* Preview Assets.xcassets */,
			);
			path = "Preview Content";
			sourceTree = "<group>";
		};
		ED70F7642A8B9F970007685B /* Extensions */ = {
			isa = PBXGroup;
			children = (
				ED70F7652A8B9FA40007685B /* Color.swift */,
				EDD71D352A9340CA008C6C2E /* PreviewProvider.swift */,
				EDD71D372A9343CF008C6C2E /* Double.swift */,
				EDBD89002A9FB63300E95951 /* UIApplication.swift */,
				EDFC52522AC43DF80007CA2E /* Date.swift */,
				EDFC52542AC44ABF0007CA2E /* String.swift */,
			);
			name = Extensions;
			sourceTree = "<group>";
		};
		ED70F7672A8BA3190007685B /* Core */ = {
			isa = PBXGroup;
			children = (
				ED70F76E2A8BA4860007685B /* Components */,
				EDFC525A2AC56C910007CA2E /* Launch */,
				EDFC52622AC5B35D0007CA2E /* Root */,
				ED70F7682A8BA3320007685B /* Home */,
				EDFC52662AC5B59C0007CA2E /* StockHome */,
				EDFC52562AC553690007CA2E /* Settings */,
				EDC71FB22AC2BAE60047F249 /* Detail */,
			);
			path = Core;
			sourceTree = "<group>";
		};
		ED70F7682A8BA3320007685B /* Home */ = {
			isa = PBXGroup;
			children = (
				ED70F7692A8BA33A0007685B /* Views */,
				ED70F76B2A8BA34A0007685B /* ViewModels */,
			);
			path = Home;
			sourceTree = "<group>";
		};
		ED70F7692A8BA33A0007685B /* Views */ = {
			isa = PBXGroup;
			children = (
				ED70F76C2A8BA35C0007685B /* HomeView.swift */,
				EDD71D332A933F9E008C6C2E /* CoinRowView.swift */,
				EDB5A37B2AA0AC1E005780BE /* HomeStatsView.swift */,
				ED5E89E72AB62B88009B6F8B /* PortfolioView.swift */,
			);
			path = Views;
			sourceTree = "<group>";
		};
		ED70F76B2A8BA34A0007685B /* ViewModels */ = {
			isa = PBXGroup;
			children = (
				EDD71D392A934C72008C6C2E /* HomeViewViewModel.swift */,
			);
			path = ViewModels;
			sourceTree = "<group>";
		};
		ED70F76E2A8BA4860007685B /* Components */ = {
			isa = PBXGroup;
			children = (
				EDD71D412A93C2E7008C6C2E /* CoinImage */,
				ED70F76F2A8BA4980007685B /* CircleButton */,
				EDBD88FE2A9FB28800E95951 /* SearchBarView.swift */,
				EDB5A3792AA0A991005780BE /* StatisticView.swift */,
				ED5E89E92AB62E2F009B6F8B /* XMarkButton.swift */,
			);
			path = Components;
			sourceTree = "<group>";
		};
		ED70F76F2A8BA4980007685B /* CircleButton */ = {
			isa = PBXGroup;
			children = (
				EDD71D2B2A91E4F4008C6C2E /* CircleButtonView.swift */,
				EDD71D2D2A91EDC5008C6C2E /* CircleButtonAnimationView.swift */,
			);
			path = CircleButton;
			sourceTree = "<group>";
		};
		EDC71FB22AC2BAE60047F249 /* Detail */ = {
			isa = PBXGroup;
			children = (
				EDC71FB42AC2BB030047F249 /* ViewModel */,
				EDC71FB32AC2BAFC0047F249 /* View */,
			);
			path = Detail;
			sourceTree = "<group>";
		};
		EDC71FB32AC2BAFC0047F249 /* View */ = {
			isa = PBXGroup;
			children = (
				EDC71FB52AC2BB110047F249 /* DetailView.swift */,
				EDFC52502AC435C60007CA2E /* ChartView.swift */,
			);
			path = View;
			sourceTree = "<group>";
		};
		EDC71FB42AC2BB030047F249 /* ViewModel */ = {
			isa = PBXGroup;
			children = (
				EDC71FBF2AC355FE0047F249 /* DetailViewViewModel.swift */,
			);
			path = ViewModel;
			sourceTree = "<group>";
		};
		EDD71D302A91F148008C6C2E /* Models */ = {
			isa = PBXGroup;
			children = (
				EDD71D312A91F1B5008C6C2E /* Coin.swift */,
				EDC71FBD2AC354340047F249 /* CoinDetail.swift */,
				EDB5A3772AA0A86D005780BE /* Staticstics.swift */,
				ED5E89E32AB621EE009B6F8B /* MarketData.swift */,
				ED9FF5D82AC15922004A74E9 /* PortfolioContainer.xcdatamodeld */,
			);
			path = Models;
			sourceTree = "<group>";
		};
		EDD71D3B2A9358EB008C6C2E /* Services */ = {
			isa = PBXGroup;
			children = (
				EDD71D3C2A93590E008C6C2E /* CoinDataService.swift */,
				EDC71FC12AC3561F0047F249 /* CoinDetailDataService.swift */,
				EDD71D442A93C45C008C6C2E /* CoinImageService.swift */,
				ED5E89E52AB62477009B6F8B /* MarketDataService.swift */,
				ED9FF5DB2AC18682004A74E9 /* PortfolioDataService.swift */,
			);
			path = Services;
			sourceTree = "<group>";
		};
		EDD71D3E2A935E6D008C6C2E /* Utilities */ = {
			isa = PBXGroup;
			children = (
				EDD71D3F2A935E98008C6C2E /* NetworkingManager.swift */,
				EDEE878E2A9529060082483C /* LocalFileManager.swift */,
				EDC71FB02AC2079E0047F249 /* HapticManager.swift */,
				EDC71FBB2AC2DBED0047F249 /* NavigationLazyView.swift */,
			);
			path = Utilities;
			sourceTree = "<group>";
		};
		EDD71D412A93C2E7008C6C2E /* CoinImage */ = {
			isa = PBXGroup;
			children = (
				EDD71D422A93C2F7008C6C2E /* CoinImageView.swift */,
				EDD71D462A93C571008C6C2E /* CoinImageViewViewModel.swift */,
				ED5E89ED2AB632BE009B6F8B /* CoinLogoView.swift */,
			);
			path = CoinImage;
			sourceTree = "<group>";
		};
		EDFC52562AC553690007CA2E /* Settings */ = {
			isa = PBXGroup;
			children = (
				EDFC52592AC5537D0007CA2E /* View */,
			);
			path = Settings;
			sourceTree = "<group>";
		};
		EDFC52592AC5537D0007CA2E /* View */ = {
			isa = PBXGroup;
			children = (
				EDFC52572AC553780007CA2E /* SettingsView.swift */,
			);
			path = View;
			sourceTree = "<group>";
		};
		EDFC525A2AC56C910007CA2E /* Launch */ = {
			isa = PBXGroup;
			children = (
				EDFC525B2AC56C9C0007CA2E /* Views */,
			);
			path = Launch;
			sourceTree = "<group>";
		};
		EDFC525B2AC56C9C0007CA2E /* Views */ = {
			isa = PBXGroup;
			children = (
				EDFC525E2AC56E650007CA2E /* LaunchScreen.storyboard */,
				EDFC52602AC56F5E0007CA2E /* LaunchView.swift */,
			);
			path = Views;
			sourceTree = "<group>";
		};
		EDFC52622AC5B35D0007CA2E /* Root */ = {
			isa = PBXGroup;
			children = (
				EDFC52632AC5B3750007CA2E /* Views */,
			);
			path = Root;
			sourceTree = "<group>";
		};
		EDFC52632AC5B3750007CA2E /* Views */ = {
			isa = PBXGroup;
			children = (
				EDFC52642AC5B37C0007CA2E /* RootView.swift */,
			);
			path = Views;
			sourceTree = "<group>";
		};
		EDFC52662AC5B59C0007CA2E /* StockHome */ = {
			isa = PBXGroup;
			children = (
				EDFC52672AC5B5B30007CA2E /* Views */,
				EDFC52682AC5B5C20007CA2E /* ViewModel */,
			);
			path = StockHome;
			sourceTree = "<group>";
		};
		EDFC52672AC5B5B30007CA2E /* Views */ = {
			isa = PBXGroup;
			children = (
				EDFC52692AC5B5D80007CA2E /* StockHomeView.swift */,
			);
			path = Views;
			sourceTree = "<group>";
		};
		EDFC52682AC5B5C20007CA2E /* ViewModel */ = {
			isa = PBXGroup;
			children = (
			);
			path = ViewModel;
			sourceTree = "<group>";
		};
/* End PBXGroup section */

/* Begin PBXNativeTarget section */
		ED70F7502A8B9BC90007685B /* PaperCoin */ = {
			isa = PBXNativeTarget;
			buildConfigurationList = ED70F75F2A8B9BCB0007685B /* Build configuration list for PBXNativeTarget "PaperCoin" */;
			buildPhases = (
				ED70F74D2A8B9BC90007685B /* Sources */,
				ED70F74E2A8B9BC90007685B /* Frameworks */,
				ED70F74F2A8B9BC90007685B /* Resources */,
			);
			buildRules = (
			);
			dependencies = (
			);
			name = PaperCoin;
			productName = StocksTracker;
			productReference = ED70F7512A8B9BC90007685B /* PaperCoin.app */;
			productType = "com.apple.product-type.application";
		};
/* End PBXNativeTarget section */

/* Begin PBXProject section */
		ED70F7492A8B9BC90007685B /* Project object */ = {
			isa = PBXProject;
			attributes = {
				BuildIndependentTargetsInParallel = 1;
				LastSwiftUpdateCheck = 1430;
				LastUpgradeCheck = 1500;
				TargetAttributes = {
					ED70F7502A8B9BC90007685B = {
						CreatedOnToolsVersion = 14.3.1;
					};
				};
			};
			buildConfigurationList = ED70F74C2A8B9BC90007685B /* Build configuration list for PBXProject "PaperCoin" */;
			compatibilityVersion = "Xcode 14.0";
			developmentRegion = en;
			hasScannedForEncodings = 0;
			knownRegions = (
				en,
				Base,
			);
			mainGroup = ED70F7482A8B9BC90007685B;
			productRefGroup = ED70F7522A8B9BC90007685B /* Products */;
			projectDirPath = "";
			projectRoot = "";
			targets = (
				ED70F7502A8B9BC90007685B /* PaperCoin */,
			);
		};
/* End PBXProject section */

/* Begin PBXResourcesBuildPhase section */
		ED70F74F2A8B9BC90007685B /* Resources */ = {
			isa = PBXResourcesBuildPhase;
			buildActionMask = 2147483647;
			files = (
				EDFC525F2AC56E650007CA2E /* LaunchScreen.storyboard in Resources */,
				ED70F75C2A8B9BCB0007685B /* Preview Assets.xcassets in Resources */,
				EDD71D2A2A91E25B008C6C2E /* Assets.xcassets in Resources */,
			);
			runOnlyForDeploymentPostprocessing = 0;
		};
/* End PBXResourcesBuildPhase section */

/* Begin PBXSourcesBuildPhase section */
		ED70F74D2A8B9BC90007685B /* Sources */ = {
			isa = PBXSourcesBuildPhase;
			buildActionMask = 2147483647;
			files = (
				EDFC52552AC44ABF0007CA2E /* String.swift in Sources */,
				EDFC52612AC56F5E0007CA2E /* LaunchView.swift in Sources */,
				ED9FF5DA2AC15922004A74E9 /* PortfolioContainer.xcdatamodeld in Sources */,
				EDD71D3D2A93590E008C6C2E /* CoinDataService.swift in Sources */,
				EDD71D342A933F9E008C6C2E /* CoinRowView.swift in Sources */,
				ED5E89EA2AB62E2F009B6F8B /* XMarkButton.swift in Sources */,
				ED70F76D2A8BA35C0007685B /* HomeView.swift in Sources */,
				EDEE878F2A9529060082483C /* LocalFileManager.swift in Sources */,
				EDD71D322A91F1B5008C6C2E /* Coin.swift in Sources */,
				ED5E89E42AB621EE009B6F8B /* MarketData.swift in Sources */,
				EDB5A3782AA0A86E005780BE /* Staticstics.swift in Sources */,
				EDB5A37A2AA0A991005780BE /* StatisticView.swift in Sources */,
				EDFC52582AC553780007CA2E /* SettingsView.swift in Sources */,
				EDD71D432A93C2F7008C6C2E /* CoinImageView.swift in Sources */,
				ED70F7552A8B9BC90007685B /* PaperCoinApp.swift in Sources */,
				EDBD89012A9FB63300E95951 /* UIApplication.swift in Sources */,
				EDD71D2C2A91E4F4008C6C2E /* CircleButtonView.swift in Sources */,
				ED70F7662A8B9FA40007685B /* Color.swift in Sources */,
				EDC71FB62AC2BB110047F249 /* DetailView.swift in Sources */,
				EDC71FB12AC2079E0047F249 /* HapticManager.swift in Sources */,
				EDBD88FF2A9FB28800E95951 /* SearchBarView.swift in Sources */,
				EDD71D402A935E98008C6C2E /* NetworkingManager.swift in Sources */,
				ED5E89EE2AB632BE009B6F8B /* CoinLogoView.swift in Sources */,
				EDB5A37C2AA0AC1E005780BE /* HomeStatsView.swift in Sources */,
				EDFC52652AC5B37C0007CA2E /* RootView.swift in Sources */,
				EDFC526A2AC5B5D80007CA2E /* StockHomeView.swift in Sources */,
				ED5E89E62AB62477009B6F8B /* MarketDataService.swift in Sources */,
				EDFC52512AC435C60007CA2E /* ChartView.swift in Sources */,
				EDD71D472A93C571008C6C2E /* CoinImageViewViewModel.swift in Sources */,
				EDD71D3A2A934C72008C6C2E /* HomeViewViewModel.swift in Sources */,
				EDD71D362A9340CA008C6C2E /* PreviewProvider.swift in Sources */,
				EDC71FC22AC3561F0047F249 /* CoinDetailDataService.swift in Sources */,
				ED5E89E82AB62B88009B6F8B /* PortfolioView.swift in Sources */,
				EDD71D382A9343CF008C6C2E /* Double.swift in Sources */,
				EDC71FBE2AC354340047F249 /* CoinDetail.swift in Sources */,
				EDFC52532AC43DF80007CA2E /* Date.swift in Sources */,
				EDD71D452A93C45C008C6C2E /* CoinImageService.swift in Sources */,
				EDD71D2E2A91EDC5008C6C2E /* CircleButtonAnimationView.swift in Sources */,
				EDC71FBC2AC2DBED0047F249 /* NavigationLazyView.swift in Sources */,
				EDC71FC02AC355FE0047F249 /* DetailViewViewModel.swift in Sources */,
				ED9FF5DC2AC18682004A74E9 /* PortfolioDataService.swift in Sources */,
			);
			runOnlyForDeploymentPostprocessing = 0;
		};
/* End PBXSourcesBuildPhase section */

/* Begin XCBuildConfiguration section */
		ED70F75D2A8B9BCB0007685B /* Debug */ = {
			isa = XCBuildConfiguration;
			buildSettings = {
				ALWAYS_SEARCH_USER_PATHS = NO;
				CLANG_ANALYZER_NONNULL = YES;
				CLANG_ANALYZER_NUMBER_OBJECT_CONVERSION = YES_AGGRESSIVE;
				CLANG_CXX_LANGUAGE_STANDARD = "gnu++20";
				CLANG_ENABLE_MODULES = YES;
				CLANG_ENABLE_OBJC_ARC = YES;
				CLANG_ENABLE_OBJC_WEAK = YES;
				CLANG_WARN_BLOCK_CAPTURE_AUTORELEASING = YES;
				CLANG_WARN_BOOL_CONVERSION = YES;
				CLANG_WARN_COMMA = YES;
				CLANG_WARN_CONSTANT_CONVERSION = YES;
				CLANG_WARN_DEPRECATED_OBJC_IMPLEMENTATIONS = YES;
				CLANG_WARN_DIRECT_OBJC_ISA_USAGE = YES_ERROR;
				CLANG_WARN_DOCUMENTATION_COMMENTS = YES;
				CLANG_WARN_EMPTY_BODY = YES;
				CLANG_WARN_ENUM_CONVERSION = YES;
				CLANG_WARN_INFINITE_RECURSION = YES;
				CLANG_WARN_INT_CONVERSION = YES;
				CLANG_WARN_NON_LITERAL_NULL_CONVERSION = YES;
				CLANG_WARN_OBJC_IMPLICIT_RETAIN_SELF = YES;
				CLANG_WARN_OBJC_LITERAL_CONVERSION = YES;
				CLANG_WARN_OBJC_ROOT_CLASS = YES_ERROR;
				CLANG_WARN_QUOTED_INCLUDE_IN_FRAMEWORK_HEADER = YES;
				CLANG_WARN_RANGE_LOOP_ANALYSIS = YES;
				CLANG_WARN_STRICT_PROTOTYPES = YES;
				CLANG_WARN_SUSPICIOUS_MOVE = YES;
				CLANG_WARN_UNGUARDED_AVAILABILITY = YES_AGGRESSIVE;
				CLANG_WARN_UNREACHABLE_CODE = YES;
				CLANG_WARN__DUPLICATE_METHOD_MATCH = YES;
				COPY_PHASE_STRIP = NO;
				DEBUG_INFORMATION_FORMAT = dwarf;
				ENABLE_STRICT_OBJC_MSGSEND = YES;
				ENABLE_TESTABILITY = YES;
				ENABLE_USER_SCRIPT_SANDBOXING = YES;
				GCC_C_LANGUAGE_STANDARD = gnu11;
				GCC_DYNAMIC_NO_PIC = NO;
				GCC_NO_COMMON_BLOCKS = YES;
				GCC_OPTIMIZATION_LEVEL = 0;
				GCC_PREPROCESSOR_DEFINITIONS = (
					"DEBUG=1",
					"$(inherited)",
				);
				GCC_WARN_64_TO_32_BIT_CONVERSION = YES;
				GCC_WARN_ABOUT_RETURN_TYPE = YES_ERROR;
				GCC_WARN_UNDECLARED_SELECTOR = YES;
				GCC_WARN_UNINITIALIZED_AUTOS = YES_AGGRESSIVE;
				GCC_WARN_UNUSED_FUNCTION = YES;
				GCC_WARN_UNUSED_VARIABLE = YES;
				IPHONEOS_DEPLOYMENT_TARGET = 17.0;
				MTL_ENABLE_DEBUG_INFO = INCLUDE_SOURCE;
				MTL_FAST_MATH = YES;
				ONLY_ACTIVE_ARCH = YES;
				SDKROOT = iphoneos;
				SWIFT_ACTIVE_COMPILATION_CONDITIONS = DEBUG;
				SWIFT_OPTIMIZATION_LEVEL = "-Onone";
			};
			name = Debug;
		};
		ED70F75E2A8B9BCB0007685B /* Release */ = {
			isa = XCBuildConfiguration;
			buildSettings = {
				ALWAYS_SEARCH_USER_PATHS = NO;
				CLANG_ANALYZER_NONNULL = YES;
				CLANG_ANALYZER_NUMBER_OBJECT_CONVERSION = YES_AGGRESSIVE;
				CLANG_CXX_LANGUAGE_STANDARD = "gnu++20";
				CLANG_ENABLE_MODULES = YES;
				CLANG_ENABLE_OBJC_ARC = YES;
				CLANG_ENABLE_OBJC_WEAK = YES;
				CLANG_WARN_BLOCK_CAPTURE_AUTORELEASING = YES;
				CLANG_WARN_BOOL_CONVERSION = YES;
				CLANG_WARN_COMMA = YES;
				CLANG_WARN_CONSTANT_CONVERSION = YES;
				CLANG_WARN_DEPRECATED_OBJC_IMPLEMENTATIONS = YES;
				CLANG_WARN_DIRECT_OBJC_ISA_USAGE = YES_ERROR;
				CLANG_WARN_DOCUMENTATION_COMMENTS = YES;
				CLANG_WARN_EMPTY_BODY = YES;
				CLANG_WARN_ENUM_CONVERSION = YES;
				CLANG_WARN_INFINITE_RECURSION = YES;
				CLANG_WARN_INT_CONVERSION = YES;
				CLANG_WARN_NON_LITERAL_NULL_CONVERSION = YES;
				CLANG_WARN_OBJC_IMPLICIT_RETAIN_SELF = YES;
				CLANG_WARN_OBJC_LITERAL_CONVERSION = YES;
				CLANG_WARN_OBJC_ROOT_CLASS = YES_ERROR;
				CLANG_WARN_QUOTED_INCLUDE_IN_FRAMEWORK_HEADER = YES;
				CLANG_WARN_RANGE_LOOP_ANALYSIS = YES;
				CLANG_WARN_STRICT_PROTOTYPES = YES;
				CLANG_WARN_SUSPICIOUS_MOVE = YES;
				CLANG_WARN_UNGUARDED_AVAILABILITY = YES_AGGRESSIVE;
				CLANG_WARN_UNREACHABLE_CODE = YES;
				CLANG_WARN__DUPLICATE_METHOD_MATCH = YES;
				COPY_PHASE_STRIP = NO;
				DEBUG_INFORMATION_FORMAT = "dwarf-with-dsym";
				ENABLE_NS_ASSERTIONS = NO;
				ENABLE_STRICT_OBJC_MSGSEND = YES;
				ENABLE_USER_SCRIPT_SANDBOXING = YES;
				GCC_C_LANGUAGE_STANDARD = gnu11;
				GCC_NO_COMMON_BLOCKS = YES;
				GCC_WARN_64_TO_32_BIT_CONVERSION = YES;
				GCC_WARN_ABOUT_RETURN_TYPE = YES_ERROR;
				GCC_WARN_UNDECLARED_SELECTOR = YES;
				GCC_WARN_UNINITIALIZED_AUTOS = YES_AGGRESSIVE;
				GCC_WARN_UNUSED_FUNCTION = YES;
				GCC_WARN_UNUSED_VARIABLE = YES;
				IPHONEOS_DEPLOYMENT_TARGET = 17.0;
				MTL_ENABLE_DEBUG_INFO = NO;
				MTL_FAST_MATH = YES;
				SDKROOT = iphoneos;
				SWIFT_COMPILATION_MODE = wholemodule;
				SWIFT_OPTIMIZATION_LEVEL = "-O";
				VALIDATE_PRODUCT = YES;
			};
			name = Release;
		};
		ED70F7602A8B9BCB0007685B /* Debug */ = {
			isa = XCBuildConfiguration;
			buildSettings = {
				ASSETCATALOG_COMPILER_APPICON_NAME = AppIcon;
				ASSETCATALOG_COMPILER_GLOBAL_ACCENT_COLOR_NAME = AccentColor;
				CODE_SIGN_STYLE = Automatic;
				CURRENT_PROJECT_VERSION = 1;
				DEVELOPMENT_ASSET_PATHS = "\"StocksTracker/Preview Content\"";
				DEVELOPMENT_TEAM = 4FD99L2KTQ;
				ENABLE_PREVIEWS = YES;
				GENERATE_INFOPLIST_FILE = YES;
				INFOPLIST_KEY_CFBundleDisplayName = PaperCoin;
				INFOPLIST_KEY_UIApplicationSceneManifest_Generation = YES;
				INFOPLIST_KEY_UIApplicationSupportsIndirectInputEvents = YES;
				INFOPLIST_KEY_UILaunchScreen_Generation = YES;
				INFOPLIST_KEY_UILaunchStoryboardName = LaunchScreen.storyboard;
				INFOPLIST_KEY_UISupportedInterfaceOrientations = UIInterfaceOrientationPortrait;
				INFOPLIST_KEY_UISupportedInterfaceOrientations_iPad = "UIInterfaceOrientationLandscapeLeft UIInterfaceOrientationLandscapeRight UIInterfaceOrientationPortrait UIInterfaceOrientationPortraitUpsideDown";
				LD_RUNPATH_SEARCH_PATHS = (
					"$(inherited)",
					"@executable_path/Frameworks",
				);
				MARKETING_VERSION = 1.0;
				PRODUCT_BUNDLE_IDENTIFIER = com.kaarthu.StocksTracker;
				PRODUCT_NAME = PaperCoin;
				SWIFT_EMIT_LOC_STRINGS = YES;
				SWIFT_VERSION = 5.0;
				TARGETED_DEVICE_FAMILY = "1,2";
			};
			name = Debug;
		};
		ED70F7612A8B9BCB0007685B /* Release */ = {
			isa = XCBuildConfiguration;
			buildSettings = {
				ASSETCATALOG_COMPILER_APPICON_NAME = AppIcon;
				ASSETCATALOG_COMPILER_GLOBAL_ACCENT_COLOR_NAME = AccentColor;
				CODE_SIGN_STYLE = Automatic;
				CURRENT_PROJECT_VERSION = 1;
				DEVELOPMENT_ASSET_PATHS = "\"StocksTracker/Preview Content\"";
				DEVELOPMENT_TEAM = 4FD99L2KTQ;
				ENABLE_PREVIEWS = YES;
				GENERATE_INFOPLIST_FILE = YES;
				INFOPLIST_KEY_CFBundleDisplayName = PaperCoin;
				INFOPLIST_KEY_UIApplicationSceneManifest_Generation = YES;
				INFOPLIST_KEY_UIApplicationSupportsIndirectInputEvents = YES;
				INFOPLIST_KEY_UILaunchScreen_Generation = YES;
				INFOPLIST_KEY_UILaunchStoryboardName = LaunchScreen.storyboard;
				INFOPLIST_KEY_UISupportedInterfaceOrientations = UIInterfaceOrientationPortrait;
				INFOPLIST_KEY_UISupportedInterfaceOrientations_iPad = "UIInterfaceOrientationLandscapeLeft UIInterfaceOrientationLandscapeRight UIInterfaceOrientationPortrait UIInterfaceOrientationPortraitUpsideDown";
				LD_RUNPATH_SEARCH_PATHS = (
					"$(inherited)",
					"@executable_path/Frameworks",
				);
				MARKETING_VERSION = 1.0;
				PRODUCT_BUNDLE_IDENTIFIER = com.kaarthu.StocksTracker;
				PRODUCT_NAME = PaperCoin;
				SWIFT_EMIT_LOC_STRINGS = YES;
				SWIFT_VERSION = 5.0;
				TARGETED_DEVICE_FAMILY = "1,2";
			};
			name = Release;
		};
/* End XCBuildConfiguration section */

/* Begin XCConfigurationList section */
		ED70F74C2A8B9BC90007685B /* Build configuration list for PBXProject "PaperCoin" */ = {
			isa = XCConfigurationList;
			buildConfigurations = (
				ED70F75D2A8B9BCB0007685B /* Debug */,
				ED70F75E2A8B9BCB0007685B /* Release */,
			);
			defaultConfigurationIsVisible = 0;
			defaultConfigurationName = Release;
		};
		ED70F75F2A8B9BCB0007685B /* Build configuration list for PBXNativeTarget "PaperCoin" */ = {
			isa = XCConfigurationList;
			buildConfigurations = (
				ED70F7602A8B9BCB0007685B /* Debug */,
				ED70F7612A8B9BCB0007685B /* Release */,
			);
			defaultConfigurationIsVisible = 0;
			defaultConfigurationName = Release;
		};
/* End XCConfigurationList section */

/* Begin XCVersionGroup section */
		ED9FF5D82AC15922004A74E9 /* PortfolioContainer.xcdatamodeld */ = {
			isa = XCVersionGroup;
			children = (
				ED9FF5D92AC15922004A74E9 /* PortfolioContainer.xcdatamodel */,
			);
			currentVersion = ED9FF5D92AC15922004A74E9 /* PortfolioContainer.xcdatamodel */;
			path = PortfolioContainer.xcdatamodeld;
			sourceTree = "<group>";
			versionGroupType = wrapper.xcdatamodel;
		};
/* End XCVersionGroup section */
	};
	rootObject = ED70F7492A8B9BC90007685B /* Project object */;
}
